// !$*UTF8*$!
{
	archiveVersion = 1;
	classes = {
	};
	objectVersion = 48;
	objects = {

/* Begin PBXBuildFile section */
		6372216A205698DB00CFDFCE /* AppDelegate.swift in Sources */ = {isa = PBXBuildFile; fileRef = 63722169205698DB00CFDFCE /* AppDelegate.swift */; };
		6372216C205698DB00CFDFCE /* ViewController.swift in Sources */ = {isa = PBXBuildFile; fileRef = 6372216B205698DB00CFDFCE /* ViewController.swift */; };
		6372216F205698DB00CFDFCE /* Main.storyboard in Resources */ = {isa = PBXBuildFile; fileRef = 6372216D205698DB00CFDFCE /* Main.storyboard */; };
		63722171205698DB00CFDFCE /* Assets.xcassets in Resources */ = {isa = PBXBuildFile; fileRef = 63722170205698DB00CFDFCE /* Assets.xcassets */; };
		63722174205698DB00CFDFCE /* LaunchScreen.storyboard in Resources */ = {isa = PBXBuildFile; fileRef = 63722172205698DB00CFDFCE /* LaunchScreen.storyboard */; };
		6372217F205698DB00CFDFCE /* SkeletonUITests.swift in Sources */ = {isa = PBXBuildFile; fileRef = 6372217E205698DB00CFDFCE /* SkeletonUITests.swift */; };
/* End PBXBuildFile section */

/* Begin PBXContainerItemProxy section */
		6372217B205698DB00CFDFCE /* PBXContainerItemProxy */ = {
			isa = PBXContainerItemProxy;
			containerPortal = 6372215E205698DB00CFDFCE /* Project object */;
			proxyType = 1;
			remoteGlobalIDString = 63722165205698DB00CFDFCE;
			remoteInfo = Skeleton;
		};
/* End PBXContainerItemProxy section */

/* Begin PBXFileReference section */
		63722166205698DB00CFDFCE /* Skeleton.app */ = {isa = PBXFileReference; explicitFileType = wrapper.application; includeInIndex = 0; path = Skeleton.app; sourceTree = BUILT_PRODUCTS_DIR; };
		63722169205698DB00CFDFCE /* AppDelegate.swift */ = {isa = PBXFileReference; lastKnownFileType = sourcecode.swift; path = AppDelegate.swift; sourceTree = "<group>"; };
		6372216B205698DB00CFDFCE /* ViewController.swift */ = {isa = PBXFileReference; lastKnownFileType = sourcecode.swift; path = ViewController.swift; sourceTree = "<group>"; };
		6372216E205698DB00CFDFCE /* Base */ = {isa = PBXFileReference; lastKnownFileType = file.storyboard; name = Base; path = Base.lproj/Main.storyboard; sourceTree = "<group>"; };
		63722170205698DB00CFDFCE /* Assets.xcassets */ = {isa = PBXFileReference; lastKnownFileType = folder.assetcatalog; path = Assets.xcassets; sourceTree = "<group>"; };
		63722173205698DB00CFDFCE /* Base */ = {isa = PBXFileReference; lastKnownFileType = file.storyboard; name = Base; path = Base.lproj/LaunchScreen.storyboard; sourceTree = "<group>"; };
		63722175205698DB00CFDFCE /* Info.plist */ = {isa = PBXFileReference; lastKnownFileType = text.plist.xml; path = Info.plist; sourceTree = "<group>"; };
		6372217A205698DB00CFDFCE /* SkeletonUI.xctest */ = {isa = PBXFileReference; explicitFileType = wrapper.cfbundle; includeInIndex = 0; path = SkeletonUI.xctest; sourceTree = BUILT_PRODUCTS_DIR; };
		6372217E205698DB00CFDFCE /* SkeletonUITests.swift */ = {isa = PBXFileReference; lastKnownFileType = sourcecode.swift; path = SkeletonUITests.swift; sourceTree = "<group>"; };
		63722180205698DB00CFDFCE /* Info.plist */ = {isa = PBXFileReference; lastKnownFileType = text.plist.xml; path = Info.plist; sourceTree = "<group>"; };
/* End PBXFileReference section */

/* Begin PBXFrameworksBuildPhase section */
		63722163205698DB00CFDFCE /* Frameworks */ = {
			isa = PBXFrameworksBuildPhase;
			buildActionMask = 2147483647;
			files = (
			);
			runOnlyForDeploymentPostprocessing = 0;
		};
		63722177205698DB00CFDFCE /* Frameworks */ = {
			isa = PBXFrameworksBuildPhase;
			buildActionMask = 2147483647;
			files = (
			);
			runOnlyForDeploymentPostprocessing = 0;
		};
/* End PBXFrameworksBuildPhase section */

/* Begin PBXGroup section */
		6372215D205698DB00CFDFCE = {
			isa = PBXGroup;
			children = (
				63722168205698DB00CFDFCE /* Skeleton */,
				6372217D205698DB00CFDFCE /* SkeletonUITests */,
				63722167205698DB00CFDFCE /* Products */,
			);
			sourceTree = "<group>";
		};
		63722167205698DB00CFDFCE /* Products */ = {
			isa = PBXGroup;
			children = (
				63722166205698DB00CFDFCE /* Skeleton.app */,
				6372217A205698DB00CFDFCE /* SkeletonUI.xctest */,
			);
			name = Products;
			sourceTree = "<group>";
		};
		63722168205698DB00CFDFCE /* Skeleton */ = {
			isa = PBXGroup;
			children = (
				63722169205698DB00CFDFCE /* AppDelegate.swift */,
				6372216B205698DB00CFDFCE /* ViewController.swift */,
				6372216D205698DB00CFDFCE /* Main.storyboard */,
				63722170205698DB00CFDFCE /* Assets.xcassets */,
				63722172205698DB00CFDFCE /* LaunchScreen.storyboard */,
				63722175205698DB00CFDFCE /* Info.plist */,
			);
			path = Skeleton;
			sourceTree = "<group>";
		};
		6372217D205698DB00CFDFCE /* SkeletonUITests */ = {
			isa = PBXGroup;
			children = (
				6372217E205698DB00CFDFCE /* SkeletonUITests.swift */,
				63722180205698DB00CFDFCE /* Info.plist */,
			);
			path = SkeletonUITests;
			sourceTree = "<group>";
		};
/* End PBXGroup section */

/* Begin PBXNativeTarget section */
		63722165205698DB00CFDFCE /* Skeleton */ = {
			isa = PBXNativeTarget;
			buildConfigurationList = 63722183205698DB00CFDFCE /* Build configuration list for PBXNativeTarget "Skeleton" */;
			buildPhases = (
				63722162205698DB00CFDFCE /* Sources */,
				63722163205698DB00CFDFCE /* Frameworks */,
				63722164205698DB00CFDFCE /* Resources */,
			);
			buildRules = (
			);
			dependencies = (
			);
			name = Skeleton;
			productName = Skeleton;
			productReference = 63722166205698DB00CFDFCE /* Skeleton.app */;
			productType = "com.apple.product-type.application";
		};
		63722179205698DB00CFDFCE /* SkeletonUI */ = {
			isa = PBXNativeTarget;
			buildConfigurationList = 63722186205698DB00CFDFCE /* Build configuration list for PBXNativeTarget "SkeletonUI" */;
			buildPhases = (
				63722176205698DB00CFDFCE /* Sources */,
				63722177205698DB00CFDFCE /* Frameworks */,
				63722178205698DB00CFDFCE /* Resources */,
			);
			buildRules = (
			);
			dependencies = (
				6372217C205698DB00CFDFCE /* PBXTargetDependency */,
			);
			name = SkeletonUI;
			productName = SkeletonUITests;
			productReference = 6372217A205698DB00CFDFCE /* SkeletonUI.xctest */;
			productType = "com.apple.product-type.bundle.ui-testing";
		};
/* End PBXNativeTarget section */

/* Begin PBXProject section */
		6372215E205698DB00CFDFCE /* Project object */ = {
			isa = PBXProject;
			attributes = {
				LastSwiftUpdateCheck = 0920;
				LastUpgradeCheck = 0920;
				ORGANIZATIONNAME = forqa;
				TargetAttributes = {
					63722165205698DB00CFDFCE = {
						CreatedOnToolsVersion = 9.2;
						ProvisioningStyle = Automatic;
					};
					63722179205698DB00CFDFCE = {
						CreatedOnToolsVersion = 9.2;
						ProvisioningStyle = Automatic;
						TestTargetID = 63722165205698DB00CFDFCE;
					};
				};
			};
			buildConfigurationList = 63722161205698DB00CFDFCE /* Build configuration list for PBXProject "Skeleton" */;
			compatibilityVersion = "Xcode 8.0";
			developmentRegion = en;
			hasScannedForEncodings = 0;
			knownRegions = (
				en,
				Base,
			);
			mainGroup = 6372215D205698DB00CFDFCE;
			productRefGroup = 63722167205698DB00CFDFCE /* Products */;
			projectDirPath = "";
			projectRoot = "";
			targets = (
				63722165205698DB00CFDFCE /* Skeleton */,
				63722179205698DB00CFDFCE /* SkeletonUI */,
			);
		};
/* End PBXProject section */

/* Begin PBXResourcesBuildPhase section */
		63722164205698DB00CFDFCE /* Resources */ = {
			isa = PBXResourcesBuildPhase;
			buildActionMask = 2147483647;
			files = (
				63722174205698DB00CFDFCE /* LaunchScreen.storyboard in Resources */,
				63722171205698DB00CFDFCE /* Assets.xcassets in Resources */,
				6372216F205698DB00CFDFCE /* Main.storyboard in Resources */,
			);
			runOnlyForDeploymentPostprocessing = 0;
		};
		63722178205698DB00CFDFCE /* Resources */ = {
			isa = PBXResourcesBuildPhase;
			buildActionMask = 2147483647;
			files = (
			);
			runOnlyForDeploymentPostprocessing = 0;
		};
/* End PBXResourcesBuildPhase section */

/* Begin PBXSourcesBuildPhase section */
		63722162205698DB00CFDFCE /* Sources */ = {
			isa = PBXSourcesBuildPhase;
			buildActionMask = 2147483647;
			files = (
				6372216C205698DB00CFDFCE /* ViewController.swift in Sources */,
				6372216A205698DB00CFDFCE /* AppDelegate.swift in Sources */,
			);
			runOnlyForDeploymentPostprocessing = 0;
		};
		63722176205698DB00CFDFCE /* Sources */ = {
			isa = PBXSourcesBuildPhase;
			buildActionMask = 2147483647;
			files = (
				6372217F205698DB00CFDFCE /* SkeletonUITests.swift in Sources */,
			);
			runOnlyForDeploymentPostprocessing = 0;
		};
/* End PBXSourcesBuildPhase section */

/* Begin PBXTargetDependency section */
		6372217C205698DB00CFDFCE /* PBXTargetDependency */ = {
			isa = PBXTargetDependency;
			target = 63722165205698DB00CFDFCE /* Skeleton */;
			targetProxy = 6372217B205698DB00CFDFCE /* PBXContainerItemProxy */;
		};
/* End PBXTargetDependency section */

/* Begin PBXVariantGroup section */
		6372216D205698DB00CFDFCE /* Main.storyboard */ = {
			isa = PBXVariantGroup;
			children = (
				6372216E205698DB00CFDFCE /* Base */,
			);
			name = Main.storyboard;
			sourceTree = "<group>";
		};
		63722172205698DB00CFDFCE /* LaunchScreen.storyboard */ = {
			isa = PBXVariantGroup;
			children = (
				63722173205698DB00CFDFCE /* Base */,
			);
			name = LaunchScreen.storyboard;
			sourceTree = "<group>";
		};
/* End PBXVariantGroup section */

/* Begin XCBuildConfiguration section */
		63722181205698DB00CFDFCE /* Debug */ = {
			isa = XCBuildConfiguration;
			buildSettings = {
				ALWAYS_SEARCH_USER_PATHS = NO;
				CLANG_ANALYZER_NONNULL = YES;
				CLANG_ANALYZER_NUMBER_OBJECT_CONVERSION = YES_AGGRESSIVE;
				CLANG_CXX_LANGUAGE_STANDARD = "gnu++14";
				CLANG_CXX_LIBRARY = "libc++";
				CLANG_ENABLE_MODULES = YES;
				CLANG_ENABLE_OBJC_ARC = YES;
				CLANG_WARN_BLOCK_CAPTURE_AUTORELEASING = YES;
				CLANG_WARN_BOOL_CONVERSION = YES;
				CLANG_WARN_COMMA = YES;
				CLANG_WARN_CONSTANT_CONVERSION = YES;
				CLANG_WARN_DIRECT_OBJC_ISA_USAGE = YES_ERROR;
				CLANG_WARN_DOCUMENTATION_COMMENTS = YES;
				CLANG_WARN_EMPTY_BODY = YES;
				CLANG_WARN_ENUM_CONVERSION = YES;
				CLANG_WARN_INFINITE_RECURSION = YES;
				CLANG_WARN_INT_CONVERSION = YES;
				CLANG_WARN_NON_LITERAL_NULL_CONVERSION = YES;
				CLANG_WARN_OBJC_LITERAL_CONVERSION = YES;
				CLANG_WARN_OBJC_ROOT_CLASS = YES_ERROR;
				CLANG_WARN_RANGE_LOOP_ANALYSIS = YES;
				CLANG_WARN_STRICT_PROTOTYPES = YES;
				CLANG_WARN_SUSPICIOUS_MOVE = YES;
				CLANG_WARN_UNGUARDED_AVAILABILITY = YES_AGGRESSIVE;
				CLANG_WARN_UNREACHABLE_CODE = YES;
				CLANG_WARN__DUPLICATE_METHOD_MATCH = YES;
				CODE_SIGN_IDENTITY = "iPhone Developer";
				COPY_PHASE_STRIP = NO;
				DEBUG_INFORMATION_FORMAT = dwarf;
				ENABLE_STRICT_OBJC_MSGSEND = YES;
				ENABLE_TESTABILITY = YES;
				GCC_C_LANGUAGE_STANDARD = gnu11;
				GCC_DYNAMIC_NO_PIC = NO;
				GCC_NO_COMMON_BLOCKS = YES;
				GCC_OPTIMIZATION_LEVEL = 0;
				GCC_PREPROCESSOR_DEFINITIONS = (
					"DEBUG=1",
					"$(inherited)",
				);
				GCC_WARN_64_TO_32_BIT_CONVERSION = YES;
				GCC_WARN_ABOUT_RETURN_TYPE = YES_ERROR;
				GCC_WARN_UNDECLARED_SELECTOR = YES;
				GCC_WARN_UNINITIALIZED_AUTOS = YES_AGGRESSIVE;
				GCC_WARN_UNUSED_FUNCTION = YES;
				GCC_WARN_UNUSED_VARIABLE = YES;
				IPHONEOS_DEPLOYMENT_TARGET = 9.0;
				MTL_ENABLE_DEBUG_INFO = YES;
				ONLY_ACTIVE_ARCH = YES;
				SDKROOT = iphoneos;
				SWIFT_ACTIVE_COMPILATION_CONDITIONS = DEBUG;
				SWIFT_OPTIMIZATION_LEVEL = "-Onone";
			};
			name = Debug;
		};
		63722182205698DB00CFDFCE /* Release */ = {
			isa = XCBuildConfiguration;
			buildSettings = {
				ALWAYS_SEARCH_USER_PATHS = NO;
				CLANG_ANALYZER_NONNULL = YES;
				CLANG_ANALYZER_NUMBER_OBJECT_CONVERSION = YES_AGGRESSIVE;
				CLANG_CXX_LANGUAGE_STANDARD = "gnu++14";
				CLANG_CXX_LIBRARY = "libc++";
				CLANG_ENABLE_MODULES = YES;
				CLANG_ENABLE_OBJC_ARC = YES;
				CLANG_WARN_BLOCK_CAPTURE_AUTORELEASING = YES;
				CLANG_WARN_BOOL_CONVERSION = YES;
				CLANG_WARN_COMMA = YES;
				CLANG_WARN_CONSTANT_CONVERSION = YES;
				CLANG_WARN_DIRECT_OBJC_ISA_USAGE = YES_ERROR;
				CLANG_WARN_DOCUMENTATION_COMMENTS = YES;
				CLANG_WARN_EMPTY_BODY = YES;
				CLANG_WARN_ENUM_CONVERSION = YES;
				CLANG_WARN_INFINITE_RECURSION = YES;
				CLANG_WARN_INT_CONVERSION = YES;
				CLANG_WARN_NON_LITERAL_NULL_CONVERSION = YES;
				CLANG_WARN_OBJC_LITERAL_CONVERSION = YES;
				CLANG_WARN_OBJC_ROOT_CLASS = YES_ERROR;
				CLANG_WARN_RANGE_LOOP_ANALYSIS = YES;
				CLANG_WARN_STRICT_PROTOTYPES = YES;
				CLANG_WARN_SUSPICIOUS_MOVE = YES;
				CLANG_WARN_UNGUARDED_AVAILABILITY = YES_AGGRESSIVE;
				CLANG_WARN_UNREACHABLE_CODE = YES;
				CLANG_WARN__DUPLICATE_METHOD_MATCH = YES;
				CODE_SIGN_IDENTITY = "iPhone Developer";
				COPY_PHASE_STRIP = NO;
				DEBUG_INFORMATION_FORMAT = "dwarf-with-dsym";
				ENABLE_NS_ASSERTIONS = NO;
				ENABLE_STRICT_OBJC_MSGSEND = YES;
				GCC_C_LANGUAGE_STANDARD = gnu11;
				GCC_NO_COMMON_BLOCKS = YES;
				GCC_WARN_64_TO_32_BIT_CONVERSION = YES;
				GCC_WARN_ABOUT_RETURN_TYPE = YES_ERROR;
				GCC_WARN_UNDECLARED_SELECTOR = YES;
				GCC_WARN_UNINITIALIZED_AUTOS = YES_AGGRESSIVE;
				GCC_WARN_UNUSED_FUNCTION = YES;
				GCC_WARN_UNUSED_VARIABLE = YES;
				IPHONEOS_DEPLOYMENT_TARGET = 9.0;
				MTL_ENABLE_DEBUG_INFO = NO;
				SDKROOT = iphoneos;
				SWIFT_OPTIMIZATION_LEVEL = "-Owholemodule";
				VALIDATE_PRODUCT = YES;
			};
			name = Release;
		};
		63722184205698DB00CFDFCE /* Debug */ = {
			isa = XCBuildConfiguration;
			buildSettings = {
				ASSETCATALOG_COMPILER_APPICON_NAME = AppIcon;
				CODE_SIGN_STYLE = Automatic;
				DEVELOPMENT_TEAM = "";
				INFOPLIST_FILE = Skeleton/Info.plist;
				IPHONEOS_DEPLOYMENT_TARGET = 9.0;
				LD_RUNPATH_SEARCH_PATHS = "$(inherited) @executable_path/Frameworks";
				PRODUCT_BUNDLE_IDENTIFIER = ru.forqa.Skeleton;
				PRODUCT_NAME = "$(TARGET_NAME)";
				SWIFT_VERSION = 4.0;
				TARGETED_DEVICE_FAMILY = "1,2";
			};
			name = Debug;
		};
		63722185205698DB00CFDFCE /* Release */ = {
			isa = XCBuildConfiguration;
			buildSettings = {
				ASSETCATALOG_COMPILER_APPICON_NAME = AppIcon;
				CODE_SIGN_STYLE = Automatic;
				DEVELOPMENT_TEAM = "";
				INFOPLIST_FILE = Skeleton/Info.plist;
				IPHONEOS_DEPLOYMENT_TARGET = 9.0;
				LD_RUNPATH_SEARCH_PATHS = "$(inherited) @executable_path/Frameworks";
				PRODUCT_BUNDLE_IDENTIFIER = ru.forqa.Skeleton;
				PRODUCT_NAME = "$(TARGET_NAME)";
				SWIFT_VERSION = 4.0;
				TARGETED_DEVICE_FAMILY = "1,2";
			};
			name = Release;
		};
		63722187205698DB00CFDFCE /* Debug */ = {
			isa = XCBuildConfiguration;
			buildSettings = {
				ALWAYS_EMBED_SWIFT_STANDARD_LIBRARIES = YES;
				CODE_SIGN_STYLE = Automatic;
				DEVELOPMENT_TEAM = "";
				INFOPLIST_FILE = SkeletonUITests/Info.plist;
				LD_RUNPATH_SEARCH_PATHS = "$(inherited) @executable_path/Frameworks @loader_path/Frameworks";
				PRODUCT_BUNDLE_IDENTIFIER = ru.forqa.SkeletonUITests;
				PRODUCT_NAME = "$(TARGET_NAME)";
				SWIFT_VERSION = 4.0;
				TARGETED_DEVICE_FAMILY = "1,2";
				TEST_TARGET_NAME = Skeleton;
			};
			name = Debug;
		};
		63722188205698DB00CFDFCE /* Release */ = {
			isa = XCBuildConfiguration;
			buildSettings = {
				ALWAYS_EMBED_SWIFT_STANDARD_LIBRARIES = YES;
				CODE_SIGN_STYLE = Automatic;
				DEVELOPMENT_TEAM = "";
				INFOPLIST_FILE = SkeletonUITests/Info.plist;
				LD_RUNPATH_SEARCH_PATHS = "$(inherited) @executable_path/Frameworks @loader_path/Frameworks";
				PRODUCT_BUNDLE_IDENTIFIER = ru.forqa.SkeletonUITests;
				PRODUCT_NAME = "$(TARGET_NAME)";
				SWIFT_VERSION = 4.0;
				TARGETED_DEVICE_FAMILY = "1,2";
				TEST_TARGET_NAME = Skeleton;
			};
			name = Release;
		};
/* End XCBuildConfiguration section */

/* Begin XCConfigurationList section */
		63722161205698DB00CFDFCE /* Build configuration list for PBXProject "Skeleton" */ = {
			isa = XCConfigurationList;
			buildConfigurations = (
				63722181205698DB00CFDFCE /* Debug */,
				63722182205698DB00CFDFCE /* Release */,
			);
			defaultConfigurationIsVisible = 0;
			defaultConfigurationName = Release;
		};
		63722183205698DB00CFDFCE /* Build configuration list for PBXNativeTarget "Skeleton" */ = {
			isa = XCConfigurationList;
			buildConfigurations = (
				63722184205698DB00CFDFCE /* Debug */,
				63722185205698DB00CFDFCE /* Release */,
			);
			defaultConfigurationIsVisible = 0;
			defaultConfigurationName = Release;
		};
		63722186205698DB00CFDFCE /* Build configuration list for PBXNativeTarget "SkeletonUI" */ = {
			isa = XCConfigurationList;
			buildConfigurations = (
				63722187205698DB00CFDFCE /* Debug */,
				63722188205698DB00CFDFCE /* Release */,
			);
			defaultConfigurationIsVisible = 0;
			defaultConfigurationName = Release;
		};
/* End XCConfigurationList section */
	};
	rootObject = 6372215E205698DB00CFDFCE /* Project object */;
}
